
Microsoft Visual Studio Solution File, Format Version 12.00
# Visual Studio 2013
VisualStudioVersion = 12.0.40629.0
MinimumVisualStudioVersion = 10.0.40219.1
Project("{FAE04EC0-301F-11D3-BF4B-00C04F79EFBC}") = "WebAPI", "WebAPI\WebAPI.csproj", "{893E1C0D-6EDE-4A2E-9137-30A90D7583DF}"
EndProject
Project("{FAE04EC0-301F-11D3-BF4B-00C04F79EFBC}") = "WebAPI.Tests", "WebAPI.Tests\WebAPI.Tests.csproj", "{0F7CF00D-123F-4E27-9CE3-211D3A692346}"
EndProject
Project("{2150E333-8FDC-42A3-9474-1A3956D46DE8}") = "PublishScripts", "PublishScripts", "{884B7FEF-01E7-4A32-AF3D-604FEFC56049}"
EndProject
Project("{2150E333-8FDC-42A3-9474-1A3956D46DE8}") = "Scripts", "Scripts", "{047C8C8B-8D78-44B1-BF28-7B794CB697D9}"
	ProjectSection(SolutionItems) = preProject
		PublishScripts\Scripts\Deploy-AzureResourceGroup.ps1 = PublishScripts\Scripts\Deploy-AzureResourceGroup.ps1
	EndProjectSection
EndProject
Project("{2150E333-8FDC-42A3-9474-1A3956D46DE8}") = "Templates", "Templates", "{3D83F750-ACE1-45DC-9378-F278E9629C61}"
	ProjectSection(SolutionItems) = preProject
		PublishScripts\Templates\WebAPI.json = PublishScripts\Templates\WebAPI.json
		PublishScripts\Templates\WebAPI.param.dev.json = PublishScripts\Templates\WebAPI.param.dev.json
		PublishScripts\Templates\WebAPI.param.prod.json = PublishScripts\Templates\WebAPI.param.prod.json
	EndProjectSection
EndProject
Global
	GlobalSection(SolutionConfigurationPlatforms) = preSolution
		Debug|Any CPU = Debug|Any CPU
		Release|Any CPU = Release|Any CPU
	EndGlobalSection
	GlobalSection(ProjectConfigurationPlatforms) = postSolution
		{893E1C0D-6EDE-4A2E-9137-30A90D7583DF}.Debug|Any CPU.ActiveCfg = Debug|Any CPU
		{893E1C0D-6EDE-4A2E-9137-30A90D7583DF}.Debug|Any CPU.Build.0 = Debug|Any CPU
		{893E1C0D-6EDE-4A2E-9137-30A90D7583DF}.Release|Any CPU.ActiveCfg = Release|Any CPU
		{893E1C0D-6EDE-4A2E-9137-30A90D7583DF}.Release|Any CPU.Build.0 = Release|Any CPU
		{0F7CF00D-123F-4E27-9CE3-211D3A692346}.Debug|Any CPU.ActiveCfg = Debug|Any CPU
		{0F7CF00D-123F-4E27-9CE3-211D3A692346}.Debug|Any CPU.Build.0 = Debug|Any CPU
		{0F7CF00D-123F-4E27-9CE3-211D3A692346}.Release|Any CPU.ActiveCfg = Release|Any CPU
		{0F7CF00D-123F-4E27-9CE3-211D3A692346}.Release|Any CPU.Build.0 = Release|Any CPU
	EndGlobalSection
	GlobalSection(SolutionProperties) = preSolution
		HideSolutionNode = FALSE
	EndGlobalSection
	GlobalSection(NestedProjects) = preSolution
		{047C8C8B-8D78-44B1-BF28-7B794CB697D9} = {884B7FEF-01E7-4A32-AF3D-604FEFC56049}
		{3D83F750-ACE1-45DC-9378-F278E9629C61} = {884B7FEF-01E7-4A32-AF3D-604FEFC56049}
	EndGlobalSection
EndGlobal
